
Microsoft Visual Studio Solution File, Format Version 12.00
# Visual Studio Version 17
VisualStudioVersion = 17.3.32929.385
MinimumVisualStudioVersion = 10.0.40219.1
Project("{FAE04EC0-301F-11D3-BF4B-00C04F79EFBC}") = "SchoolHRAdministration", "SchoolHRAdministration\SchoolHRAdministration.csproj", "{7184DC9C-A90F-4107-892C-56AA6DE75460}"
EndProject
Project("{FAE04EC0-301F-11D3-BF4B-00C04F79EFBC}") = "HRAdministrationAPI", "HRAdministrationAPI\HRAdministrationAPI.csproj", "{D02B7366-E135-4CC9-B5C0-4484D2D338DB}"
EndProject
Global
	GlobalSection(SolutionConfigurationPlatforms) = preSolution
		Debug|Any CPU = Debug|Any CPU
		Release|Any CPU = Release|Any CPU
	EndGlobalSection
	GlobalSection(ProjectConfigurationPlatforms) = postSolution
		{7184DC9C-A90F-4107-892C-56AA6DE75460}.Debug|Any CPU.ActiveCfg = Debug|Any CPU
		{7184DC9C-A90F-4107-892C-56AA6DE75460}.Debug|Any CPU.Build.0 = Debug|Any CPU
		{7184DC9C-A90F-4107-892C-56AA6DE75460}.Release|Any CPU.ActiveCfg = Release|Any CPU
		{7184DC9C-A90F-4107-892C-56AA6DE75460}.Release|Any CPU.Build.0 = Release|Any CPU
		{D02B7366-E135-4CC9-B5C0-4484D2D338DB}.Debug|Any CPU.ActiveCfg = Debug|Any CPU
		{D02B7366-E135-4CC9-B5C0-4484D2D338DB}.Debug|Any CPU.Build.0 = Debug|Any CPU
		{D02B7366-E135-4CC9-B5C0-4484D2D338DB}.Release|Any CPU.ActiveCfg = Release|Any CPU
		{D02B7366-E135-4CC9-B5C0-4484D2D338DB}.Release|Any CPU.Build.0 = Release|Any CPU
	EndGlobalSection
	GlobalSection(SolutionProperties) = preSolution
		HideSolutionNode = FALSE
	EndGlobalSection
	GlobalSection(ExtensibilityGlobals) = postSolution
		SolutionGuid = {725053F0-9EDD-42BA-B79A-7B0D73D5384B}
	EndGlobalSection
EndGlobal
